
Microsoft Visual Studio Solution File, Format Version 12.00
# Visual Studio Version 17
VisualStudioVersion = 17.9.34728.123
MinimumVisualStudioVersion = 10.0.40219.1
Project("{FAE04EC0-301F-11D3-BF4B-00C04F79EFBC}") = "GrayThemeUI", "GrayThemeUI\GrayThemeUI.csproj", "{246ED1D7-23DC-4F87-AE0E-9AAEE2301889}"
EndProject
Project("{FAE04EC0-301F-11D3-BF4B-00C04F79EFBC}") = "GrayThemeUI_Test", "GrayThemeUI_Test\GrayThemeUI_Test.csproj", "{6E8F65D0-3CAE-494C-B329-AC593508CC3C}"
EndProject
Global
	GlobalSection(SolutionConfigurationPlatforms) = preSolution
		Debug|Any CPU = Debug|Any CPU
		Release|Any CPU = Release|Any CPU
	EndGlobalSection
	GlobalSection(ProjectConfigurationPlatforms) = postSolution
		{246ED1D7-23DC-4F87-AE0E-9AAEE2301889}.Debug|Any CPU.ActiveCfg = Debug|Any CPU
		{246ED1D7-23DC-4F87-AE0E-9AAEE2301889}.Debug|Any CPU.Build.0 = Debug|Any CPU
		{246ED1D7-23DC-4F87-AE0E-9AAEE2301889}.Release|Any CPU.ActiveCfg = Release|Any CPU
		{246ED1D7-23DC-4F87-AE0E-9AAEE2301889}.Release|Any CPU.Build.0 = Release|Any CPU
		{6E8F65D0-3CAE-494C-B329-AC593508CC3C}.Debug|Any CPU.ActiveCfg = Debug|Any CPU
		{6E8F65D0-3CAE-494C-B329-AC593508CC3C}.Debug|Any CPU.Build.0 = Debug|Any CPU
		{6E8F65D0-3CAE-494C-B329-AC593508CC3C}.Release|Any CPU.ActiveCfg = Release|Any CPU
		{6E8F65D0-3CAE-494C-B329-AC593508CC3C}.Release|Any CPU.Build.0 = Release|Any CPU
	EndGlobalSection
	GlobalSection(SolutionProperties) = preSolution
		HideSolutionNode = FALSE
	EndGlobalSection
	GlobalSection(ExtensibilityGlobals) = postSolution
		SolutionGuid = {BC4662D8-F506-4E3A-A4FA-9B87ACB6E15F}
	EndGlobalSection
EndGlobal
